<?xml version="1.0" encoding="utf-8"?>
<Project ToolsVersion="4.0" xmlns="http://schemas.microsoft.com/developer/msbuild/2003">
  <ItemGroup>
    <Filter Include="源文件">
      <UniqueIdentifier>{4FC737F1-C7A5-4376-A066-2A32D752A2FF}</UniqueIdentifier>
      <Extensions>cpp;c;cc;cxx;c++;cppm;ixx;def;odl;idl;hpj;bat;asm;asmx</Extensions>
    </Filter>
    <Filter Include="头文件">
      <UniqueIdentifier>{93995380-89BD-4b04-88EB-625FBE52EBFB}</UniqueIdentifier>
      <Extensions>h;hh;hpp;hxx;h++;hm;inl;inc;ipp;xsd</Extensions>
    </Filter>
    <Filter Include="资源文件">
      <UniqueIdentifier>{67DA6AB6-F800-4c08-8B7A-83BB121AAD01}</UniqueIdentifier>
      <Extensions>rc;ico;cur;bmp;dlg;rc2;rct;bin;rgs;gif;jpg;jpeg;jpe;resx;tiff;tif;png;wav;mfcribbon-ms</Extensions>
    </Filter>
    <Filter Include="源文件\sql_compiler">
      <UniqueIdentifier>{e74b6a4e-3bb6-40ed-9af8-42249f9fff66}</UniqueIdentifier>
    </Filter>
    <Filter Include="源文件\storage">
      <UniqueIdentifier>{a20276c7-d5a5-41f1-bc35-5d5c6e044916}</UniqueIdentifier>
    </Filter>
    <Filter Include="源文件\engine">
      <UniqueIdentifier>{b5afb365-50b5-4e46-aa19-30ba9f76a5de}</UniqueIdentifier>
    </Filter>
    <Filter Include="源文件\utils">
      <UniqueIdentifier>{b17b17be-ffef-426a-86ba-bbd1f59af360}</UniqueIdentifier>
    </Filter>
    <Filter Include="源文件\sql_compiler\data">
      <UniqueIdentifier>{31b04dfd-81f1-430e-9389-2b70fb3436bf}</UniqueIdentifier>
    </Filter>
  </ItemGroup>
  <ItemGroup>
    <ClCompile Include="HAOSQL.cpp">
      <Filter>源文件</Filter>
    </ClCompile>
    <ClCompile Include="parser.cpp">
      <Filter>源文件\sql_compiler</Filter>
    </ClCompile>
  </ItemGroup>
  <ItemGroup>
    <Text Include="test.txt" />
  </ItemGroup>
  <ItemGroup>
    <ClInclude Include="parser.h">
      <Filter>头文件</Filter>
    </ClInclude>
  </ItemGroup>
</Project>